
Microsoft Visual Studio Solution File, Format Version 12.00
# Visual Studio Version 17
VisualStudioVersion = 17.5.002.0
MinimumVisualStudioVersion = 10.0.40219.1
Project("{9A19103F-16F7-4668-BE54-9A1E7A4F7556}") = "Google Ads - PPC Dashboard", "Google Ads - PPC Dashboard\Google Ads - PPC Dashboard.csproj", "{A2E53B50-23DB-4CA1-BB8A-1F6F26DF0A79}"
EndProject
Global
	GlobalSection(SolutionConfigurationPlatforms) = preSolution
		Debug|Any CPU = Debug|Any CPU
		Release|Any CPU = Release|Any CPU
	EndGlobalSection
	GlobalSection(ProjectConfigurationPlatforms) = postSolution
		{A2E53B50-23DB-4CA1-BB8A-1F6F26DF0A79}.Debug|Any CPU.ActiveCfg = Debug|Any CPU
		{A2E53B50-23DB-4CA1-BB8A-1F6F26DF0A79}.Debug|Any CPU.Build.0 = Debug|Any CPU
		{A2E53B50-23DB-4CA1-BB8A-1F6F26DF0A79}.Release|Any CPU.ActiveCfg = Release|Any CPU
		{A2E53B50-23DB-4CA1-BB8A-1F6F26DF0A79}.Release|Any CPU.Build.0 = Release|Any CPU
	EndGlobalSection
	GlobalSection(SolutionProperties) = preSolution
		HideSolutionNode = FALSE
	EndGlobalSection
	GlobalSection(ExtensibilityGlobals) = postSolution
		SolutionGuid = {534BB1B5-7FC7-4EFD-A295-6491DD9FD039}
	EndGlobalSection
EndGlobal
